{
  "name": "front-admin-alex",
  "lockfileVersion": 3,
  "requires": true,
  "packages": {
    "": {
      "dependencies": {
        "embla-carousel-react": "^8.6.0",
        "server": "file:.."
      }
    },
    "..": {
      "name": "server",
      "version": "1.0.0",
      "license": "ISC",
      "dependencies": {
        "axios": "^1.8.3",
        "bcryptjs": "^2.4.3",
        "concurrently": "^9.1.2",
        "cors": "^2.8.5",
        "csv": "^6.3.11",
        "csv-parse": "^5.6.0",
        "csv-writer": "^1.6.0",
        "date-fns": "^4.1.0",
        "date-fns-tz": "^3.2.0",
        "dotenv": "^16.4.5",
        "express": "^4.21.0",
        "express-async-handler": "^1.2.0",
        "express-fileupload": "^1.5.1",
        "helmet": "^8.1.0",
        "https": "^1.0.0",
        "jsonwebtoken": "^9.0.2",
        "moment": "^2.30.1",
        "morgan": "^1.10.0",
        "node-cron": "^3.0.3",
        "pg": "^8.13.0",
        "pg-hstore": "^2.3.4",
        "sequelize": "^6.37.4",
        "uuid": "^10.0.0",
        "winston": "^3.17.0"
      },
      "devDependencies": {
        "nodemon": "^3.1.9"
      }
    },
    "node_modules/embla-carousel": {
      "version": "8.6.0",
      "resolved": "https://registry.npmjs.org/embla-carousel/-/embla-carousel-8.6.0.tgz",
      "integrity": "sha512-SjWyZBHJPbqxHOzckOfo8lHisEaJWmwd23XppYFYVh10bU66/Pn5tkVkbkCMZVdbUE5eTCI2nD8OyIP4Z+uwkA=="
    },
    "node_modules/embla-carousel-react": {
      "version": "8.6.0",
      "resolved": "https://registry.npmjs.org/embla-carousel-react/-/embla-carousel-react-8.6.0.tgz",
      "integrity": "sha512-0/PjqU7geVmo6F734pmPqpyHqiM99olvyecY7zdweCw+6tKEXnrE90pBiBbMMU8s5tICemzpQ3hi5EpxzGW+JA==",
      "dependencies": {
        "embla-carousel": "8.6.0",
        "embla-carousel-reactive-utils": "8.6.0"
      },
      "peerDependencies": {
        "react": "^16.8.0 || ^17.0.1 || ^18.0.0 || ^19.0.0 || ^19.0.0-rc"
      }
    },
    "node_modules/embla-carousel-reactive-utils": {
      "version": "8.6.0",
      "resolved": "https://registry.npmjs.org/embla-carousel-reactive-utils/-/embla-carousel-reactive-utils-8.6.0.tgz",
      "integrity": "sha512-fMVUDUEx0/uIEDM0Mz3dHznDhfX+znCCDCeIophYb1QGVM7YThSWX+wz11zlYwWFOr74b4QLGg0hrGPJeG2s4A==",
      "peerDependencies": {
        "embla-carousel": "8.6.0"
      }
    },
    "node_modules/server": {
      "resolved": "..",
      "link": true
    }
  }
}
